
Microsoft Visual Studio Solution File, Format Version 12.00
# Visual Studio Version 17
VisualStudioVersion = 17.8.34330.188
MinimumVisualStudioVersion = 10.0.40219.1
Project("{FAE04EC0-301F-11D3-BF4B-00C04F79EFBC}") = "EntradaEsaidaDeCPF", "EntradaEsaidaDeCPF\EntradaEsaidaDeCPF.csproj", "{DE120739-5618-431B-A57F-45D6EF89AFD4}"
EndProject
Global
	GlobalSection(SolutionConfigurationPlatforms) = preSolution
		Debug|Any CPU = Debug|Any CPU
		Release|Any CPU = Release|Any CPU
	EndGlobalSection
	GlobalSection(ProjectConfigurationPlatforms) = postSolution
		{DE120739-5618-431B-A57F-45D6EF89AFD4}.Debug|Any CPU.ActiveCfg = Debug|Any CPU
		{DE120739-5618-431B-A57F-45D6EF89AFD4}.Debug|Any CPU.Build.0 = Debug|Any CPU
		{DE120739-5618-431B-A57F-45D6EF89AFD4}.Release|Any CPU.ActiveCfg = Release|Any CPU
		{DE120739-5618-431B-A57F-45D6EF89AFD4}.Release|Any CPU.Build.0 = Release|Any CPU
	EndGlobalSection
	GlobalSection(SolutionProperties) = preSolution
		HideSolutionNode = FALSE
	EndGlobalSection
	GlobalSection(ExtensibilityGlobals) = postSolution
		SolutionGuid = {50F761A8-8F36-46DE-912F-80953718CB38}
	EndGlobalSection
EndGlobal
