
Microsoft Visual Studio Solution File, Format Version 12.00
# Visual Studio Version 17
VisualStudioVersion = 17.8.34330.188
MinimumVisualStudioVersion = 10.0.40219.1
Project("{FAE04EC0-301F-11D3-BF4B-00C04F79EFBC}") = "negativoPositivoImparPar", "negativoPositivoImparPar\negativoPositivoImparPar.csproj", "{6277ADE8-0018-4FD2-9954-F8AC5687D8FB}"
EndProject
Global
	GlobalSection(SolutionConfigurationPlatforms) = preSolution
		Debug|Any CPU = Debug|Any CPU
		Release|Any CPU = Release|Any CPU
	EndGlobalSection
	GlobalSection(ProjectConfigurationPlatforms) = postSolution
		{6277ADE8-0018-4FD2-9954-F8AC5687D8FB}.Debug|Any CPU.ActiveCfg = Debug|Any CPU
		{6277ADE8-0018-4FD2-9954-F8AC5687D8FB}.Debug|Any CPU.Build.0 = Debug|Any CPU
		{6277ADE8-0018-4FD2-9954-F8AC5687D8FB}.Release|Any CPU.ActiveCfg = Release|Any CPU
		{6277ADE8-0018-4FD2-9954-F8AC5687D8FB}.Release|Any CPU.Build.0 = Release|Any CPU
	EndGlobalSection
	GlobalSection(SolutionProperties) = preSolution
		HideSolutionNode = FALSE
	EndGlobalSection
	GlobalSection(ExtensibilityGlobals) = postSolution
		SolutionGuid = {A2FB81A1-1C7C-4C71-95AE-72FF4F208823}
	EndGlobalSection
EndGlobal
